
Microsoft Visual Studio Solution File, Format Version 12.00
# Visual Studio Version 16
VisualStudioVersion = 16.0.29920.165
MinimumVisualStudioVersion = 10.0.40219.1
Project("{9A19103F-16F7-4668-BE54-9A1E7A4F7556}") = "ParkingLot_WebApi", "ParkingLot_WebApi.csproj", "{C5BBE18D-CD84-4686-BA54-61ED6805EC38}"
EndProject
Project("{9A19103F-16F7-4668-BE54-9A1E7A4F7556}") = "ParkingLotModel", "..\ParkingLotModel\ParkingLotModel.csproj", "{117A93A9-E969-4F58-B707-F42E5E1009E2}"
EndProject
Project("{9A19103F-16F7-4668-BE54-9A1E7A4F7556}") = "ParkingLotRepository", "..\ParkingLotRepository\ParkingLotRepository.csproj", "{F3578EF2-49DE-4DF8-B75C-11A4962AB3D6}"
EndProject
Project("{9A19103F-16F7-4668-BE54-9A1E7A4F7556}") = "ParkingManager", "..\ParkingManager\ParkingManager.csproj", "{2B1D9AE8-1EB5-4F2A-A2F7-7622E08D2DD5}"
EndProject
Global
	GlobalSection(SolutionConfigurationPlatforms) = preSolution
		Debug|Any CPU = Debug|Any CPU
		Release|Any CPU = Release|Any CPU
	EndGlobalSection
	GlobalSection(ProjectConfigurationPlatforms) = postSolution
		{C5BBE18D-CD84-4686-BA54-61ED6805EC38}.Debug|Any CPU.ActiveCfg = Debug|Any CPU
		{C5BBE18D-CD84-4686-BA54-61ED6805EC38}.Debug|Any CPU.Build.0 = Debug|Any CPU
		{C5BBE18D-CD84-4686-BA54-61ED6805EC38}.Release|Any CPU.ActiveCfg = Release|Any CPU
		{C5BBE18D-CD84-4686-BA54-61ED6805EC38}.Release|Any CPU.Build.0 = Release|Any CPU
		{117A93A9-E969-4F58-B707-F42E5E1009E2}.Debug|Any CPU.ActiveCfg = Debug|Any CPU
		{117A93A9-E969-4F58-B707-F42E5E1009E2}.Debug|Any CPU.Build.0 = Debug|Any CPU
		{117A93A9-E969-4F58-B707-F42E5E1009E2}.Release|Any CPU.ActiveCfg = Release|Any CPU
		{117A93A9-E969-4F58-B707-F42E5E1009E2}.Release|Any CPU.Build.0 = Release|Any CPU
		{F3578EF2-49DE-4DF8-B75C-11A4962AB3D6}.Debug|Any CPU.ActiveCfg = Debug|Any CPU
		{F3578EF2-49DE-4DF8-B75C-11A4962AB3D6}.Debug|Any CPU.Build.0 = Debug|Any CPU
		{F3578EF2-49DE-4DF8-B75C-11A4962AB3D6}.Release|Any CPU.ActiveCfg = Release|Any CPU
		{F3578EF2-49DE-4DF8-B75C-11A4962AB3D6}.Release|Any CPU.Build.0 = Release|Any CPU
		{2B1D9AE8-1EB5-4F2A-A2F7-7622E08D2DD5}.Debug|Any CPU.ActiveCfg = Debug|Any CPU
		{2B1D9AE8-1EB5-4F2A-A2F7-7622E08D2DD5}.Debug|Any CPU.Build.0 = Debug|Any CPU
		{2B1D9AE8-1EB5-4F2A-A2F7-7622E08D2DD5}.Release|Any CPU.ActiveCfg = Release|Any CPU
		{2B1D9AE8-1EB5-4F2A-A2F7-7622E08D2DD5}.Release|Any CPU.Build.0 = Release|Any CPU
	EndGlobalSection
	GlobalSection(SolutionProperties) = preSolution
		HideSolutionNode = FALSE
	EndGlobalSection
	GlobalSection(ExtensibilityGlobals) = postSolution
		SolutionGuid = {D488BCBE-E023-439B-8015-C0A74D1CCA83}
	EndGlobalSection
EndGlobal
